// !$*UTF8*$!
{
	archiveVersion = 1;
	classes = {
	};
	objectVersion = 50;
	objects = {

/* Begin PBXBuildFile section */
		630F78FE25CAFB3000978095 /* AppDelegate.swift in Sources */ = {isa = PBXBuildFile; fileRef = 630F78FD25CAFB3000978095 /* AppDelegate.swift */; };
		630F790025CAFB3000978095 /* SceneDelegate.swift in Sources */ = {isa = PBXBuildFile; fileRef = 630F78FF25CAFB3000978095 /* SceneDelegate.swift */; };
		630F790225CAFB3000978095 /* ViewController.swift in Sources */ = {isa = PBXBuildFile; fileRef = 630F790125CAFB3000978095 /* ViewController.swift */; };
		630F790525CAFB3000978095 /* Main.storyboard in Resources */ = {isa = PBXBuildFile; fileRef = 630F790325CAFB3000978095 /* Main.storyboard */; };
		630F790725CAFB3100978095 /* Assets.xcassets in Resources */ = {isa = PBXBuildFile; fileRef = 630F790625CAFB3100978095 /* Assets.xcassets */; };
		630F790A25CAFB3100978095 /* LaunchScreen.storyboard in Resources */ = {isa = PBXBuildFile; fileRef = 630F790825CAFB3100978095 /* LaunchScreen.storyboard */; };
		630F791525CAFB3100978095 /* IOS_TIP_CALCULATORTests.swift in Sources */ = {isa = PBXBuildFile; fileRef = 630F791425CAFB3100978095 /* IOS_TIP_CALCULATORTests.swift */; };
		630F792025CAFB3100978095 /* IOS_TIP_CALCULATORUITests.swift in Sources */ = {isa = PBXBuildFile; fileRef = 630F791F25CAFB3100978095 /* IOS_TIP_CALCULATORUITests.swift */; };
/* End PBXBuildFile section */

/* Begin PBXContainerItemProxy section */
		630F791125CAFB3100978095 /* PBXContainerItemProxy */ = {
			isa = PBXContainerItemProxy;
			containerPortal = 630F78F225CAFB3000978095 /* Project object */;
			proxyType = 1;
			remoteGlobalIDString = 630F78F925CAFB3000978095;
			remoteInfo = "IOS TIP CALCULATOR";
		};
		630F791C25CAFB3100978095 /* PBXContainerItemProxy */ = {
			isa = PBXContainerItemProxy;
			containerPortal = 630F78F225CAFB3000978095 /* Project object */;
			proxyType = 1;
			remoteGlobalIDString = 630F78F925CAFB3000978095;
			remoteInfo = "IOS TIP CALCULATOR";
		};
/* End PBXContainerItemProxy section */

/* Begin PBXFileReference section */
		630F78FA25CAFB3000978095 /* IOS TIP CALCULATOR.app */ = {isa = PBXFileReference; explicitFileType = wrapper.application; includeInIndex = 0; path = "IOS TIP CALCULATOR.app"; sourceTree = BUILT_PRODUCTS_DIR; };
		630F78FD25CAFB3000978095 /* AppDelegate.swift */ = {isa = PBXFileReference; lastKnownFileType = sourcecode.swift; path = AppDelegate.swift; sourceTree = "<group>"; };
		630F78FF25CAFB3000978095 /* SceneDelegate.swift */ = {isa = PBXFileReference; lastKnownFileType = sourcecode.swift; path = SceneDelegate.swift; sourceTree = "<group>"; };
		630F790125CAFB3000978095 /* ViewController.swift */ = {isa = PBXFileReference; lastKnownFileType = sourcecode.swift; path = ViewController.swift; sourceTree = "<group>"; };
		630F790425CAFB3000978095 /* Base */ = {isa = PBXFileReference; lastKnownFileType = file.storyboard; name = Base; path = Base.lproj/Main.storyboard; sourceTree = "<group>"; };
		630F790625CAFB3100978095 /* Assets.xcassets */ = {isa = PBXFileReference; lastKnownFileType = folder.assetcatalog; path = Assets.xcassets; sourceTree = "<group>"; };
		630F790925CAFB3100978095 /* Base */ = {isa = PBXFileReference; lastKnownFileType = file.storyboard; name = Base; path = Base.lproj/LaunchScreen.storyboard; sourceTree = "<group>"; };
		630F790B25CAFB3100978095 /* Info.plist */ = {isa = PBXFileReference; lastKnownFileType = text.plist.xml; path = Info.plist; sourceTree = "<group>"; };
		630F791025CAFB3100978095 /* IOS TIP CALCULATORTests.xctest */ = {isa = PBXFileReference; explicitFileType = wrapper.cfbundle; includeInIndex = 0; path = "IOS TIP CALCULATORTests.xctest"; sourceTree = BUILT_PRODUCTS_DIR; };
		630F791425CAFB3100978095 /* IOS_TIP_CALCULATORTests.swift */ = {isa = PBXFileReference; lastKnownFileType = sourcecode.swift; path = IOS_TIP_CALCULATORTests.swift; sourceTree = "<group>"; };
		630F791625CAFB3100978095 /* Info.plist */ = {isa = PBXFileReference; lastKnownFileType = text.plist.xml; path = Info.plist; sourceTree = "<group>"; };
		630F791B25CAFB3100978095 /* IOS TIP CALCULATORUITests.xctest */ = {isa = PBXFileReference; explicitFileType = wrapper.cfbundle; includeInIndex = 0; path = "IOS TIP CALCULATORUITests.xctest"; sourceTree = BUILT_PRODUCTS_DIR; };
		630F791F25CAFB3100978095 /* IOS_TIP_CALCULATORUITests.swift */ = {isa = PBXFileReference; lastKnownFileType = sourcecode.swift; path = IOS_TIP_CALCULATORUITests.swift; sourceTree = "<group>"; };
		630F792125CAFB3100978095 /* Info.plist */ = {isa = PBXFileReference; lastKnownFileType = text.plist.xml; path = Info.plist; sourceTree = "<group>"; };
/* End PBXFileReference section */

/* Begin PBXFrameworksBuildPhase section */
		630F78F725CAFB3000978095 /* Frameworks */ = {
			isa = PBXFrameworksBuildPhase;
			buildActionMask = 2147483647;
			files = (
			);
			runOnlyForDeploymentPostprocessing = 0;
		};
		630F790D25CAFB3100978095 /* Frameworks */ = {
			isa = PBXFrameworksBuildPhase;
			buildActionMask = 2147483647;
			files = (
			);
			runOnlyForDeploymentPostprocessing = 0;
		};
		630F791825CAFB3100978095 /* Frameworks */ = {
			isa = PBXFrameworksBuildPhase;
			buildActionMask = 2147483647;
			files = (
			);
			runOnlyForDeploymentPostprocessing = 0;
		};
/* End PBXFrameworksBuildPhase section */

/* Begin PBXGroup section */
		630F78F125CAFB3000978095 = {
			isa = PBXGroup;
			children = (
				630F78FC25CAFB3000978095 /* IOS TIP CALCULATOR */,
				630F791325CAFB3100978095 /* IOS TIP CALCULATORTests */,
				630F791E25CAFB3100978095 /* IOS TIP CALCULATORUITests */,
				630F78FB25CAFB3000978095 /* Products */,
			);
			sourceTree = "<group>";
		};
		630F78FB25CAFB3000978095 /* Products */ = {
			isa = PBXGroup;
			children = (
				630F78FA25CAFB3000978095 /* IOS TIP CALCULATOR.app */,
				630F791025CAFB3100978095 /* IOS TIP CALCULATORTests.xctest */,
				630F791B25CAFB3100978095 /* IOS TIP CALCULATORUITests.xctest */,
			);
			name = Products;
			sourceTree = "<group>";
		};
		630F78FC25CAFB3000978095 /* IOS TIP CALCULATOR */ = {
			isa = PBXGroup;
			children = (
				630F78FD25CAFB3000978095 /* AppDelegate.swift */,
				630F78FF25CAFB3000978095 /* SceneDelegate.swift */,
				630F790125CAFB3000978095 /* ViewController.swift */,
				630F790325CAFB3000978095 /* Main.storyboard */,
				630F790625CAFB3100978095 /* Assets.xcassets */,
				630F790825CAFB3100978095 /* LaunchScreen.storyboard */,
				630F790B25CAFB3100978095 /* Info.plist */,
			);
			path = "IOS TIP CALCULATOR";
			sourceTree = "<group>";
		};
		630F791325CAFB3100978095 /* IOS TIP CALCULATORTests */ = {
			isa = PBXGroup;
			children = (
				630F791425CAFB3100978095 /* IOS_TIP_CALCULATORTests.swift */,
				630F791625CAFB3100978095 /* Info.plist */,
			);
			path = "IOS TIP CALCULATORTests";
			sourceTree = "<group>";
		};
		630F791E25CAFB3100978095 /* IOS TIP CALCULATORUITests */ = {
			isa = PBXGroup;
			children = (
				630F791F25CAFB3100978095 /* IOS_TIP_CALCULATORUITests.swift */,
				630F792125CAFB3100978095 /* Info.plist */,
			);
			path = "IOS TIP CALCULATORUITests";
			sourceTree = "<group>";
		};
/* End PBXGroup section */

/* Begin PBXNativeTarget section */
		630F78F925CAFB3000978095 /* IOS TIP CALCULATOR */ = {
			isa = PBXNativeTarget;
			buildConfigurationList = 630F792425CAFB3100978095 /* Build configuration list for PBXNativeTarget "IOS TIP CALCULATOR" */;
			buildPhases = (
				630F78F625CAFB3000978095 /* Sources */,
				630F78F725CAFB3000978095 /* Frameworks */,
				630F78F825CAFB3000978095 /* Resources */,
			);
			buildRules = (
			);
			dependencies = (
			);
			name = "IOS TIP CALCULATOR";
			productName = "IOS TIP CALCULATOR";
			productReference = 630F78FA25CAFB3000978095 /* IOS TIP CALCULATOR.app */;
			productType = "com.apple.product-type.application";
		};
		630F790F25CAFB3100978095 /* IOS TIP CALCULATORTests */ = {
			isa = PBXNativeTarget;
			buildConfigurationList = 630F792725CAFB3100978095 /* Build configuration list for PBXNativeTarget "IOS TIP CALCULATORTests" */;
			buildPhases = (
				630F790C25CAFB3100978095 /* Sources */,
				630F790D25CAFB3100978095 /* Frameworks */,
				630F790E25CAFB3100978095 /* Resources */,
			);
			buildRules = (
			);
			dependencies = (
				630F791225CAFB3100978095 /* PBXTargetDependency */,
			);
			name = "IOS TIP CALCULATORTests";
			productName = "IOS TIP CALCULATORTests";
			productReference = 630F791025CAFB3100978095 /* IOS TIP CALCULATORTests.xctest */;
			productType = "com.apple.product-type.bundle.unit-test";
		};
		630F791A25CAFB3100978095 /* IOS TIP CALCULATORUITests */ = {
			isa = PBXNativeTarget;
			buildConfigurationList = 630F792A25CAFB3100978095 /* Build configuration list for PBXNativeTarget "IOS TIP CALCULATORUITests" */;
			buildPhases = (
				630F791725CAFB3100978095 /* Sources */,
				630F791825CAFB3100978095 /* Frameworks */,
				630F791925CAFB3100978095 /* Resources */,
			);
			buildRules = (
			);
			dependencies = (
				630F791D25CAFB3100978095 /* PBXTargetDependency */,
			);
			name = "IOS TIP CALCULATORUITests";
			productName = "IOS TIP CALCULATORUITests";
			productReference = 630F791B25CAFB3100978095 /* IOS TIP CALCULATORUITests.xctest */;
			productType = "com.apple.product-type.bundle.ui-testing";
		};
/* End PBXNativeTarget section */

/* Begin PBXProject section */
		630F78F225CAFB3000978095 /* Project object */ = {
			isa = PBXProject;
			attributes = {
				LastSwiftUpdateCheck = 1240;
				LastUpgradeCheck = 1240;
				TargetAttributes = {
					630F78F925CAFB3000978095 = {
						CreatedOnToolsVersion = 12.4;
					};
					630F790F25CAFB3100978095 = {
						CreatedOnToolsVersion = 12.4;
						TestTargetID = 630F78F925CAFB3000978095;
					};
					630F791A25CAFB3100978095 = {
						CreatedOnToolsVersion = 12.4;
						TestTargetID = 630F78F925CAFB3000978095;
					};
				};
			};
			buildConfigurationList = 630F78F525CAFB3000978095 /* Build configuration list for PBXProject "IOS TIP CALCULATOR" */;
			compatibilityVersion = "Xcode 9.3";
			developmentRegion = en;
			hasScannedForEncodings = 0;
			knownRegions = (
				en,
				Base,
			);
			mainGroup = 630F78F125CAFB3000978095;
			productRefGroup = 630F78FB25CAFB3000978095 /* Products */;
			projectDirPath = "";
			projectRoot = "";
			targets = (
				630F78F925CAFB3000978095 /* IOS TIP CALCULATOR */,
				630F790F25CAFB3100978095 /* IOS TIP CALCULATORTests */,
				630F791A25CAFB3100978095 /* IOS TIP CALCULATORUITests */,
			);
		};
/* End PBXProject section */

/* Begin PBXResourcesBuildPhase section */
		630F78F825CAFB3000978095 /* Resources */ = {
			isa = PBXResourcesBuildPhase;
			buildActionMask = 2147483647;
			files = (
				630F790A25CAFB3100978095 /* LaunchScreen.storyboard in Resources */,
				630F790725CAFB3100978095 /* Assets.xcassets in Resources */,
				630F790525CAFB3000978095 /* Main.storyboard in Resources */,
			);
			runOnlyForDeploymentPostprocessing = 0;
		};
		630F790E25CAFB3100978095 /* Resources */ = {
			isa = PBXResourcesBuildPhase;
			buildActionMask = 2147483647;
			files = (
			);
			runOnlyForDeploymentPostprocessing = 0;
		};
		630F791925CAFB3100978095 /* Resources */ = {
			isa = PBXResourcesBuildPhase;
			buildActionMask = 2147483647;
			files = (
			);
			runOnlyForDeploymentPostprocessing = 0;
		};
/* End PBXResourcesBuildPhase section */

/* Begin PBXSourcesBuildPhase section */
		630F78F625CAFB3000978095 /* Sources */ = {
			isa = PBXSourcesBuildPhase;
			buildActionMask = 2147483647;
			files = (
				630F790225CAFB3000978095 /* ViewController.swift in Sources */,
				630F78FE25CAFB3000978095 /* AppDelegate.swift in Sources */,
				630F790025CAFB3000978095 /* SceneDelegate.swift in Sources */,
			);
			runOnlyForDeploymentPostprocessing = 0;
		};
		630F790C25CAFB3100978095 /* Sources */ = {
			isa = PBXSourcesBuildPhase;
			buildActionMask = 2147483647;
			files = (
				630F791525CAFB3100978095 /* IOS_TIP_CALCULATORTests.swift in Sources */,
			);
			runOnlyForDeploymentPostprocessing = 0;
		};
		630F791725CAFB3100978095 /* Sources */ = {
			isa = PBXSourcesBuildPhase;
			buildActionMask = 2147483647;
			files = (
				630F792025CAFB3100978095 /* IOS_TIP_CALCULATORUITests.swift in Sources */,
			);
			runOnlyForDeploymentPostprocessing = 0;
		};
/* End PBXSourcesBuildPhase section */

/* Begin PBXTargetDependency section */
		630F791225CAFB3100978095 /* PBXTargetDependency */ = {
			isa = PBXTargetDependency;
			target = 630F78F925CAFB3000978095 /* IOS TIP CALCULATOR */;
			targetProxy = 630F791125CAFB3100978095 /* PBXContainerItemProxy */;
		};
		630F791D25CAFB3100978095 /* PBXTargetDependency */ = {
			isa = PBXTargetDependency;
			target = 630F78F925CAFB3000978095 /* IOS TIP CALCULATOR */;
			targetProxy = 630F791C25CAFB3100978095 /* PBXContainerItemProxy */;
		};
/* End PBXTargetDependency section */

/* Begin PBXVariantGroup section */
		630F790325CAFB3000978095 /* Main.storyboard */ = {
			isa = PBXVariantGroup;
			children = (
				630F790425CAFB3000978095 /* Base */,
			);
			name = Main.storyboard;
			sourceTree = "<group>";
		};
		630F790825CAFB3100978095 /* LaunchScreen.storyboard */ = {
			isa = PBXVariantGroup;
			children = (
				630F790925CAFB3100978095 /* Base */,
			);
			name = LaunchScreen.storyboard;
			sourceTree = "<group>";
		};
/* End PBXVariantGroup section */

/* Begin XCBuildConfiguration section */
		630F792225CAFB3100978095 /* Debug */ = {
			isa = XCBuildConfiguration;
			buildSettings = {
				ALWAYS_SEARCH_USER_PATHS = NO;
				CLANG_ANALYZER_NONNULL = YES;
				CLANG_ANALYZER_NUMBER_OBJECT_CONVERSION = YES_AGGRESSIVE;
				CLANG_CXX_LANGUAGE_STANDARD = "gnu++14";
				CLANG_CXX_LIBRARY = "libc++";
				CLANG_ENABLE_MODULES = YES;
				CLANG_ENABLE_OBJC_ARC = YES;
				CLANG_ENABLE_OBJC_WEAK = YES;
				CLANG_WARN_BLOCK_CAPTURE_AUTORELEASING = YES;
				CLANG_WARN_BOOL_CONVERSION = YES;
				CLANG_WARN_COMMA = YES;
				CLANG_WARN_CONSTANT_CONVERSION = YES;
				CLANG_WARN_DEPRECATED_OBJC_IMPLEMENTATIONS = YES;
				CLANG_WARN_DIRECT_OBJC_ISA_USAGE = YES_ERROR;
				CLANG_WARN_DOCUMENTATION_COMMENTS = YES;
				CLANG_WARN_EMPTY_BODY = YES;
				CLANG_WARN_ENUM_CONVERSION = YES;
				CLANG_WARN_INFINITE_RECURSION = YES;
				CLANG_WARN_INT_CONVERSION = YES;
				CLANG_WARN_NON_LITERAL_NULL_CONVERSION = YES;
				CLANG_WARN_OBJC_IMPLICIT_RETAIN_SELF = YES;
				CLANG_WARN_OBJC_LITERAL_CONVERSION = YES;
				CLANG_WARN_OBJC_ROOT_CLASS = YES_ERROR;
				CLANG_WARN_QUOTED_INCLUDE_IN_FRAMEWORK_HEADER = YES;
				CLANG_WARN_RANGE_LOOP_ANALYSIS = YES;
				CLANG_WARN_STRICT_PROTOTYPES = YES;
				CLANG_WARN_SUSPICIOUS_MOVE = YES;
				CLANG_WARN_UNGUARDED_AVAILABILITY = YES_AGGRESSIVE;
				CLANG_WARN_UNREACHABLE_CODE = YES;
				CLANG_WARN__DUPLICATE_METHOD_MATCH = YES;
				COPY_PHASE_STRIP = NO;
				DEBUG_INFORMATION_FORMAT = dwarf;
				ENABLE_STRICT_OBJC_MSGSEND = YES;
				ENABLE_TESTABILITY = YES;
				GCC_C_LANGUAGE_STANDARD = gnu11;
				GCC_DYNAMIC_NO_PIC = NO;
				GCC_NO_COMMON_BLOCKS = YES;
				GCC_OPTIMIZATION_LEVEL = 0;
				GCC_PREPROCESSOR_DEFINITIONS = (
					"DEBUG=1",
					"$(inherited)",
				);
				GCC_WARN_64_TO_32_BIT_CONVERSION = YES;
				GCC_WARN_ABOUT_RETURN_TYPE = YES_ERROR;
				GCC_WARN_UNDECLARED_SELECTOR = YES;
				GCC_WARN_UNINITIALIZED_AUTOS = YES_AGGRESSIVE;
				GCC_WARN_UNUSED_FUNCTION = YES;
				GCC_WARN_UNUSED_VARIABLE = YES;
				IPHONEOS_DEPLOYMENT_TARGET = 14.4;
				MTL_ENABLE_DEBUG_INFO = INCLUDE_SOURCE;
				MTL_FAST_MATH = YES;
				ONLY_ACTIVE_ARCH = YES;
				SDKROOT = iphoneos;
				SWIFT_ACTIVE_COMPILATION_CONDITIONS = DEBUG;
				SWIFT_OPTIMIZATION_LEVEL = "-Onone";
			};
			name = Debug;
		};
		630F792325CAFB3100978095 /* Release */ = {
			isa = XCBuildConfiguration;
			buildSettings = {
				ALWAYS_SEARCH_USER_PATHS = NO;
				CLANG_ANALYZER_NONNULL = YES;
				CLANG_ANALYZER_NUMBER_OBJECT_CONVERSION = YES_AGGRESSIVE;
				CLANG_CXX_LANGUAGE_STANDARD = "gnu++14";
				CLANG_CXX_LIBRARY = "libc++";
				CLANG_ENABLE_MODULES = YES;
				CLANG_ENABLE_OBJC_ARC = YES;
				CLANG_ENABLE_OBJC_WEAK = YES;
				CLANG_WARN_BLOCK_CAPTURE_AUTORELEASING = YES;
				CLANG_WARN_BOOL_CONVERSION = YES;
				CLANG_WARN_COMMA = YES;
				CLANG_WARN_CONSTANT_CONVERSION = YES;
				CLANG_WARN_DEPRECATED_OBJC_IMPLEMENTATIONS = YES;
				CLANG_WARN_DIRECT_OBJC_ISA_USAGE = YES_ERROR;
				CLANG_WARN_DOCUMENTATION_COMMENTS = YES;
				CLANG_WARN_EMPTY_BODY = YES;
				CLANG_WARN_ENUM_CONVERSION = YES;
				CLANG_WARN_INFINITE_RECURSION = YES;
				CLANG_WARN_INT_CONVERSION = YES;
				CLANG_WARN_NON_LITERAL_NULL_CONVERSION = YES;
				CLANG_WARN_OBJC_IMPLICIT_RETAIN_SELF = YES;
				CLANG_WARN_OBJC_LITERAL_CONVERSION = YES;
				CLANG_WARN_OBJC_ROOT_CLASS = YES_ERROR;
				CLANG_WARN_QUOTED_INCLUDE_IN_FRAMEWORK_HEADER = YES;
				CLANG_WARN_RANGE_LOOP_ANALYSIS = YES;
				CLANG_WARN_STRICT_PROTOTYPES = YES;
				CLANG_WARN_SUSPICIOUS_MOVE = YES;
				CLANG_WARN_UNGUARDED_AVAILABILITY = YES_AGGRESSIVE;
				CLANG_WARN_UNREACHABLE_CODE = YES;
				CLANG_WARN__DUPLICATE_METHOD_MATCH = YES;
				COPY_PHASE_STRIP = NO;
				DEBUG_INFORMATION_FORMAT = "dwarf-with-dsym";
				ENABLE_NS_ASSERTIONS = NO;
				ENABLE_STRICT_OBJC_MSGSEND = YES;
				GCC_C_LANGUAGE_STANDARD = gnu11;
				GCC_NO_COMMON_BLOCKS = YES;
				GCC_WARN_64_TO_32_BIT_CONVERSION = YES;
				GCC_WARN_ABOUT_RETURN_TYPE = YES_ERROR;
				GCC_WARN_UNDECLARED_SELECTOR = YES;
				GCC_WARN_UNINITIALIZED_AUTOS = YES_AGGRESSIVE;
				GCC_WARN_UNUSED_FUNCTION = YES;
				GCC_WARN_UNUSED_VARIABLE = YES;
				IPHONEOS_DEPLOYMENT_TARGET = 14.4;
				MTL_ENABLE_DEBUG_INFO = NO;
				MTL_FAST_MATH = YES;
				SDKROOT = iphoneos;
				SWIFT_COMPILATION_MODE = wholemodule;
				SWIFT_OPTIMIZATION_LEVEL = "-O";
				VALIDATE_PRODUCT = YES;
			};
			name = Release;
		};
		630F792525CAFB3100978095 /* Debug */ = {
			isa = XCBuildConfiguration;
			buildSettings = {
				ASSETCATALOG_COMPILER_APPICON_NAME = AppIcon;
				ASSETCATALOG_COMPILER_GLOBAL_ACCENT_COLOR_NAME = AccentColor;
				CODE_SIGN_STYLE = Automatic;
				INFOPLIST_FILE = "IOS TIP CALCULATOR/Info.plist";
				LD_RUNPATH_SEARCH_PATHS = (
					"$(inherited)",
					"@executable_path/Frameworks",
				);
				PRODUCT_BUNDLE_IDENTIFIER = "MEMO.COM.IOS-TIP-CALCULATOR";
				PRODUCT_NAME = "$(TARGET_NAME)";
				SWIFT_VERSION = 5.0;
				TARGETED_DEVICE_FAMILY = "1,2";
			};
			name = Debug;
		};
		630F792625CAFB3100978095 /* Release */ = {
			isa = XCBuildConfiguration;
			buildSettings = {
				ASSETCATALOG_COMPILER_APPICON_NAME = AppIcon;
				ASSETCATALOG_COMPILER_GLOBAL_ACCENT_COLOR_NAME = AccentColor;
				CODE_SIGN_STYLE = Automatic;
				INFOPLIST_FILE = "IOS TIP CALCULATOR/Info.plist";
				LD_RUNPATH_SEARCH_PATHS = (
					"$(inherited)",
					"@executable_path/Frameworks",
				);
				PRODUCT_BUNDLE_IDENTIFIER = "MEMO.COM.IOS-TIP-CALCULATOR";
				PRODUCT_NAME = "$(TARGET_NAME)";
				SWIFT_VERSION = 5.0;
				TARGETED_DEVICE_FAMILY = "1,2";
			};
			name = Release;
		};
		630F792825CAFB3100978095 /* Debug */ = {
			isa = XCBuildConfiguration;
			buildSettings = {
				ALWAYS_EMBED_SWIFT_STANDARD_LIBRARIES = YES;
				BUNDLE_LOADER = "$(TEST_HOST)";
				CODE_SIGN_STYLE = Automatic;
				INFOPLIST_FILE = "IOS TIP CALCULATORTests/Info.plist";
				IPHONEOS_DEPLOYMENT_TARGET = 14.4;
				LD_RUNPATH_SEARCH_PATHS = (
					"$(inherited)",
					"@executable_path/Frameworks",
					"@loader_path/Frameworks",
				);
				PRODUCT_BUNDLE_IDENTIFIER = "MEMO.COM.IOS-TIP-CALCULATORTests";
				PRODUCT_NAME = "$(TARGET_NAME)";
				SWIFT_VERSION = 5.0;
				TARGETED_DEVICE_FAMILY = "1,2";
				TEST_HOST = "$(BUILT_PRODUCTS_DIR)/IOS TIP CALCULATOR.app/IOS TIP CALCULATOR";
			};
			name = Debug;
		};
		630F792925CAFB3100978095 /* Release */ = {
			isa = XCBuildConfiguration;
			buildSettings = {
				ALWAYS_EMBED_SWIFT_STANDARD_LIBRARIES = YES;
				BUNDLE_LOADER = "$(TEST_HOST)";
				CODE_SIGN_STYLE = Automatic;
				INFOPLIST_FILE = "IOS TIP CALCULATORTests/Info.plist";
				IPHONEOS_DEPLOYMENT_TARGET = 14.4;
				LD_RUNPATH_SEARCH_PATHS = (
					"$(inherited)",
					"@executable_path/Frameworks",
					"@loader_path/Frameworks",
				);
				PRODUCT_BUNDLE_IDENTIFIER = "MEMO.COM.IOS-TIP-CALCULATORTests";
				PRODUCT_NAME = "$(TARGET_NAME)";
				SWIFT_VERSION = 5.0;
				TARGETED_DEVICE_FAMILY = "1,2";
				TEST_HOST = "$(BUILT_PRODUCTS_DIR)/IOS TIP CALCULATOR.app/IOS TIP CALCULATOR";
			};
			name = Release;
		};
		630F792B25CAFB3100978095 /* Debug */ = {
			isa = XCBuildConfiguration;
			buildSettings = {
				ALWAYS_EMBED_SWIFT_STANDARD_LIBRARIES = YES;
				CODE_SIGN_STYLE = Automatic;
				INFOPLIST_FILE = "IOS TIP CALCULATORUITests/Info.plist";
				LD_RUNPATH_SEARCH_PATHS = (
					"$(inherited)",
					"@executable_path/Frameworks",
					"@loader_path/Frameworks",
				);
				PRODUCT_BUNDLE_IDENTIFIER = "MEMO.COM.IOS-TIP-CALCULATORUITests";
				PRODUCT_NAME = "$(TARGET_NAME)";
				SWIFT_VERSION = 5.0;
				TARGETED_DEVICE_FAMILY = "1,2";
				TEST_TARGET_NAME = "IOS TIP CALCULATOR";
			};
			name = Debug;
		};
		630F792C25CAFB3100978095 /* Release */ = {
			isa = XCBuildConfiguration;
			buildSettings = {
				ALWAYS_EMBED_SWIFT_STANDARD_LIBRARIES = YES;
				CODE_SIGN_STYLE = Automatic;
				INFOPLIST_FILE = "IOS TIP CALCULATORUITests/Info.plist";
				LD_RUNPATH_SEARCH_PATHS = (
					"$(inherited)",
					"@executable_path/Frameworks",
					"@loader_path/Frameworks",
				);
				PRODUCT_BUNDLE_IDENTIFIER = "MEMO.COM.IOS-TIP-CALCULATORUITests";
				PRODUCT_NAME = "$(TARGET_NAME)";
				SWIFT_VERSION = 5.0;
				TARGETED_DEVICE_FAMILY = "1,2";
				TEST_TARGET_NAME = "IOS TIP CALCULATOR";
			};
			name = Release;
		};
/* End XCBuildConfiguration section */

/* Begin XCConfigurationList section */
		630F78F525CAFB3000978095 /* Build configuration list for PBXProject "IOS TIP CALCULATOR" */ = {
			isa = XCConfigurationList;
			buildConfigurations = (
				630F792225CAFB3100978095 /* Debug */,
				630F792325CAFB3100978095 /* Release */,
			);
			defaultConfigurationIsVisible = 0;
			defaultConfigurationName = Release;
		};
		630F792425CAFB3100978095 /* Build configuration list for PBXNativeTarget "IOS TIP CALCULATOR" */ = {
			isa = XCConfigurationList;
			buildConfigurations = (
				630F792525CAFB3100978095 /* Debug */,
				630F792625CAFB3100978095 /* Release */,
			);
			defaultConfigurationIsVisible = 0;
			defaultConfigurationName = Release;
		};
		630F792725CAFB3100978095 /* Build configuration list for PBXNativeTarget "IOS TIP CALCULATORTests" */ = {
			isa = XCConfigurationList;
			buildConfigurations = (
				630F792825CAFB3100978095 /* Debug */,
				630F792925CAFB3100978095 /* Release */,
			);
			defaultConfigurationIsVisible = 0;
			defaultConfigurationName = Release;
		};
		630F792A25CAFB3100978095 /* Build configuration list for PBXNativeTarget "IOS TIP CALCULATORUITests" */ = {
			isa = XCConfigurationList;
			buildConfigurations = (
				630F792B25CAFB3100978095 /* Debug */,
				630F792C25CAFB3100978095 /* Release */,
			);
			defaultConfigurationIsVisible = 0;
			defaultConfigurationName = Release;
		};
/* End XCConfigurationList section */
	};
	rootObject = 630F78F225CAFB3000978095 /* Project object */;
}
